
Microsoft Visual Studio Solution File, Format Version 12.00
# Visual Studio Version 16
VisualStudioVersion = 16.0.29709.97
MinimumVisualStudioVersion = 10.0.40219.1
Project("{9A19103F-16F7-4668-BE54-9A1E7A4F7556}") = "Spidernet.TaskScheduler", "Spidernet.TaskScheduler\Spidernet.TaskScheduler.csproj", "{D5445A5F-D287-4A8A-AA9D-23261FE5557B}"
EndProject
Project("{FAE04EC0-301F-11D3-BF4B-00C04F79EFBC}") = "Spidernet.Client", "Spidernet.Client\Spidernet.Client.csproj", "{6F7E8DE6-B544-4C9F-A9BD-2C0697993606}"
EndProject
Global
	GlobalSection(SolutionConfigurationPlatforms) = preSolution
		Debug|Any CPU = Debug|Any CPU
		Release|Any CPU = Release|Any CPU
	EndGlobalSection
	GlobalSection(ProjectConfigurationPlatforms) = postSolution
		{D5445A5F-D287-4A8A-AA9D-23261FE5557B}.Debug|Any CPU.ActiveCfg = Debug|Any CPU
		{D5445A5F-D287-4A8A-AA9D-23261FE5557B}.Debug|Any CPU.Build.0 = Debug|Any CPU
		{D5445A5F-D287-4A8A-AA9D-23261FE5557B}.Release|Any CPU.ActiveCfg = Release|Any CPU
		{D5445A5F-D287-4A8A-AA9D-23261FE5557B}.Release|Any CPU.Build.0 = Release|Any CPU
		{6F7E8DE6-B544-4C9F-A9BD-2C0697993606}.Debug|Any CPU.ActiveCfg = Debug|Any CPU
		{6F7E8DE6-B544-4C9F-A9BD-2C0697993606}.Debug|Any CPU.Build.0 = Debug|Any CPU
		{6F7E8DE6-B544-4C9F-A9BD-2C0697993606}.Release|Any CPU.ActiveCfg = Release|Any CPU
		{6F7E8DE6-B544-4C9F-A9BD-2C0697993606}.Release|Any CPU.Build.0 = Release|Any CPU
	EndGlobalSection
	GlobalSection(SolutionProperties) = preSolution
		HideSolutionNode = FALSE
	EndGlobalSection
	GlobalSection(ExtensibilityGlobals) = postSolution
		SolutionGuid = {D65876BD-18D7-4A53-8636-3BE3892A14D2}
	EndGlobalSection
EndGlobal
